
Microsoft Visual Studio Solution File, Format Version 12.00
# Visual Studio Version 17
VisualStudioVersion = 17.6.33829.357
MinimumVisualStudioVersion = 10.0.40219.1
Project("{FAE04EC0-301F-11D3-BF4B-00C04F79EFBC}") = "WpfApp1", "WpfApp1\WpfApp1.csproj", "{C7049459-D759-4E9A-89C2-2235F210744C}"
EndProject
Project("{FAE04EC0-301F-11D3-BF4B-00C04F79EFBC}") = "LoginFormWPF", "LoginFormWPF\LoginFormWPF.csproj", "{F7D868E5-DBD5-480C-ADAE-E11B845C9EE3}"
EndProject
Global
	GlobalSection(SolutionConfigurationPlatforms) = preSolution
		Debug|Any CPU = Debug|Any CPU
		Release|Any CPU = Release|Any CPU
	EndGlobalSection
	GlobalSection(ProjectConfigurationPlatforms) = postSolution
		{C7049459-D759-4E9A-89C2-2235F210744C}.Debug|Any CPU.ActiveCfg = Debug|Any CPU
		{C7049459-D759-4E9A-89C2-2235F210744C}.Debug|Any CPU.Build.0 = Debug|Any CPU
		{C7049459-D759-4E9A-89C2-2235F210744C}.Release|Any CPU.ActiveCfg = Release|Any CPU
		{C7049459-D759-4E9A-89C2-2235F210744C}.Release|Any CPU.Build.0 = Release|Any CPU
		{F7D868E5-DBD5-480C-ADAE-E11B845C9EE3}.Debug|Any CPU.ActiveCfg = Debug|Any CPU
		{F7D868E5-DBD5-480C-ADAE-E11B845C9EE3}.Debug|Any CPU.Build.0 = Debug|Any CPU
		{F7D868E5-DBD5-480C-ADAE-E11B845C9EE3}.Release|Any CPU.ActiveCfg = Release|Any CPU
		{F7D868E5-DBD5-480C-ADAE-E11B845C9EE3}.Release|Any CPU.Build.0 = Release|Any CPU
	EndGlobalSection
	GlobalSection(SolutionProperties) = preSolution
		HideSolutionNode = FALSE
	EndGlobalSection
	GlobalSection(ExtensibilityGlobals) = postSolution
		SolutionGuid = {506E1403-1499-42A7-A971-A6B55E229A55}
	EndGlobalSection
EndGlobal
